
Microsoft Visual Studio Solution File, Format Version 12.00
# Visual Studio Version 16
VisualStudioVersion = 16.0.30907.101
MinimumVisualStudioVersion = 10.0.40219.1
Project("{FAE04EC0-301F-11D3-BF4B-00C04F79EFBC}") = "LabWork1(winforms)", "LabWork1(winforms).csproj", "{40D1D738-A982-4920-913F-824207B53E96}"
EndProject
Global
	GlobalSection(SolutionConfigurationPlatforms) = preSolution
		Debug|Any CPU = Debug|Any CPU
		Release|Any CPU = Release|Any CPU
	EndGlobalSection
	GlobalSection(ProjectConfigurationPlatforms) = postSolution
		{40D1D738-A982-4920-913F-824207B53E96}.Debug|Any CPU.ActiveCfg = Debug|Any CPU
		{40D1D738-A982-4920-913F-824207B53E96}.Debug|Any CPU.Build.0 = Debug|Any CPU
		{40D1D738-A982-4920-913F-824207B53E96}.Release|Any CPU.ActiveCfg = Release|Any CPU
		{40D1D738-A982-4920-913F-824207B53E96}.Release|Any CPU.Build.0 = Release|Any CPU
	EndGlobalSection
	GlobalSection(SolutionProperties) = preSolution
		HideSolutionNode = FALSE
	EndGlobalSection
	GlobalSection(ExtensibilityGlobals) = postSolution
		SolutionGuid = {6BF23825-F7EE-45D1-A6A4-AD57ABD5AD44}
	EndGlobalSection
EndGlobal
